
Microsoft Visual Studio Solution File, Format Version 12.00
# Visual Studio 15
VisualStudioVersion = 15.0.28307.1927
MinimumVisualStudioVersion = 10.0.40219.1
Project("{FAE04EC0-301F-11D3-BF4B-00C04F79EFBC}") = "Autoclicker v 1.0", "Autoclicker v 1.0\Autoclicker v 1.0.csproj", "{CCCFD36E-82DE-457C-B92E-C3C5DCD4960B}"
EndProject
Global
	GlobalSection(SolutionConfigurationPlatforms) = preSolution
		Debug|Any CPU = Debug|Any CPU
		Release|Any CPU = Release|Any CPU
	EndGlobalSection
	GlobalSection(ProjectConfigurationPlatforms) = postSolution
		{CCCFD36E-82DE-457C-B92E-C3C5DCD4960B}.Debug|Any CPU.ActiveCfg = Debug|Any CPU
		{CCCFD36E-82DE-457C-B92E-C3C5DCD4960B}.Debug|Any CPU.Build.0 = Debug|Any CPU
		{CCCFD36E-82DE-457C-B92E-C3C5DCD4960B}.Release|Any CPU.ActiveCfg = Release|Any CPU
		{CCCFD36E-82DE-457C-B92E-C3C5DCD4960B}.Release|Any CPU.Build.0 = Release|Any CPU
	EndGlobalSection
	GlobalSection(SolutionProperties) = preSolution
		HideSolutionNode = FALSE
	EndGlobalSection
	GlobalSection(ExtensibilityGlobals) = postSolution
		SolutionGuid = {1766A4AE-E9D0-4E76-8846-9359ADC1F3AB}
	EndGlobalSection
EndGlobal
